{
  "originHash" : "6998b70adb2d14a99c696c136da154bbd4b33165235b513f79efb689797c3bec",
  "pins" : [
    {
      "identity" : "mbhealthtracker",
      "kind" : "localSourceControl",
      "location" : "/Users/maty.brennan/Documents/personal/MBHealthTracker",
      "state" : {
        "branch" : "release/2.7.0",
        "revision" : "0ec0189929741634507029126c904c0d2958c99c"
      }
    }
  ],
  "version" : 3
}
