{
  "pins" : [
    {
      "identity" : "mbhealthtracker",
      "kind" : "remoteSourceControl",
      "location" : "https://github.com/matybrennan/MBHealthTracker/",
      "state" : {
        "branch" : "release/2.5.0",
        "revision" : "2f969a1ebbe9e3919c8b0440f42d9e27738fafba"
      }
    }
  ],
  "version" : 2
}
