{
  "pins" : [
    {
      "identity" : "mbhealthtracker",
      "kind" : "remoteSourceControl",
      "location" : "https://github.com/matybrennan/MBHealthTracker/",
      "state" : {
        "branch" : "release/2.5.0",
        "revision" : "df6af9311b77aa428fdbcfe9e62773e7bb7dd012"
      }
    }
  ],
  "version" : 2
}
